
Microsoft Visual Studio Solution File, Format Version 12.00
# Visual Studio Version 17
VisualStudioVersion = 17.9.34723.18
MinimumVisualStudioVersion = 10.0.40219.1
Project("{9A19103F-16F7-4668-BE54-9A1E7A4F7556}") = "TestAutomation", "TestAutomation\TestAutomation.csproj", "{C463720C-97BB-4250-90CD-6F1DCE978D8D}"
EndProject
Project("{9A19103F-16F7-4668-BE54-9A1E7A4F7556}") = "Application", "Application\Application.csproj", "{D177A651-E7E2-46A8-A9F9-BF437EA82E71}"
EndProject
Project("{2150E333-8FDC-42A3-9474-1A3956D46DE8}") = "Solution Items", "Solution Items", "{9B620547-F103-46AB-A55C-11AA1F5E9758}"
	ProjectSection(SolutionItems) = preProject
		.gitignore = .gitignore
	EndProjectSection
EndProject
Global
	GlobalSection(SolutionConfigurationPlatforms) = preSolution
		Debug|Any CPU = Debug|Any CPU
		Release|Any CPU = Release|Any CPU
	EndGlobalSection
	GlobalSection(ProjectConfigurationPlatforms) = postSolution
		{C463720C-97BB-4250-90CD-6F1DCE978D8D}.Debug|Any CPU.ActiveCfg = Debug|Any CPU
		{C463720C-97BB-4250-90CD-6F1DCE978D8D}.Debug|Any CPU.Build.0 = Debug|Any CPU
		{C463720C-97BB-4250-90CD-6F1DCE978D8D}.Release|Any CPU.ActiveCfg = Release|Any CPU
		{C463720C-97BB-4250-90CD-6F1DCE978D8D}.Release|Any CPU.Build.0 = Release|Any CPU
		{D177A651-E7E2-46A8-A9F9-BF437EA82E71}.Debug|Any CPU.ActiveCfg = Debug|Any CPU
		{D177A651-E7E2-46A8-A9F9-BF437EA82E71}.Debug|Any CPU.Build.0 = Debug|Any CPU
		{D177A651-E7E2-46A8-A9F9-BF437EA82E71}.Release|Any CPU.ActiveCfg = Release|Any CPU
		{D177A651-E7E2-46A8-A9F9-BF437EA82E71}.Release|Any CPU.Build.0 = Release|Any CPU
	EndGlobalSection
	GlobalSection(SolutionProperties) = preSolution
		HideSolutionNode = FALSE
	EndGlobalSection
	GlobalSection(ExtensibilityGlobals) = postSolution
		SolutionGuid = {518CA080-6415-4352-8FC0-25F9571F2B05}
	EndGlobalSection
EndGlobal
